{
  "name": "web",
  "lockfileVersion": 3,
  "requires": true,
  "packages": {
    "": {
      "dependencies": {
        "emoji-picker-element": "^1.26.0"
      }
    },
    "node_modules/emoji-picker-element": {
      "version": "1.26.0",
      "resolved": "https://registry.npmjs.org/emoji-picker-element/-/emoji-picker-element-1.26.0.tgz",
      "integrity": "sha512-IcffFc+LNymYScmMuxOJooZulOCOACGc1Xvj+s7XeKqpc+0EoZfWrV9o4rBjEiuM7XjsgcEjD+m5DHg0aIfnnA=="
    }
  }
}
